// !$*UTF8*$!
{
	archiveVersion = 1;
	classes = {
	};
	objectVersion = 56;
	objects = {

/* Begin PBXBuildFile section */
		BD5EBCA929F0C81800C24E8E /* MainTabView.swift in Sources */ = {isa = PBXBuildFile; fileRef = BD5EBCA829F0C81800C24E8E /* MainTabView.swift */; };
		BD5EBCAC29F4C9EC00C24E8E /* FirebaseAuth in Frameworks */ = {isa = PBXBuildFile; productRef = BD5EBCAB29F4C9EC00C24E8E /* FirebaseAuth */; };
		BD5EBCAF29F5826D00C24E8E /* AuthService.swift in Sources */ = {isa = PBXBuildFile; fileRef = BD5EBCAE29F5826D00C24E8E /* AuthService.swift */; };
		BD5EBCB129F585F700C24E8E /* AuthViewModel.swift in Sources */ = {isa = PBXBuildFile; fileRef = BD5EBCB029F585F700C24E8E /* AuthViewModel.swift */; };
		BD5EBCB729F59D4700C24E8E /* AuthView.swift in Sources */ = {isa = PBXBuildFile; fileRef = BD5EBCB629F59D4700C24E8E /* AuthView.swift */; };
		BD5EBCB929F59DED00C24E8E /* ProfileView.swift in Sources */ = {isa = PBXBuildFile; fileRef = BD5EBCB829F59DED00C24E8E /* ProfileView.swift */; };
		BD5EBCBD29F5AB6000C24E8E /* FormViewModel.swift in Sources */ = {isa = PBXBuildFile; fileRef = BD5EBCBC29F5AB6000C24E8E /* FormViewModel.swift */; };
		BD5EBCBF29F5FC9300C24E8E /* PrimaryButtonStyle.swift in Sources */ = {isa = PBXBuildFile; fileRef = BD5EBCBE29F5FC9300C24E8E /* PrimaryButtonStyle.swift */; };
		BDA55BB729E5C903009D40B9 /* SocialcademyApp.swift in Sources */ = {isa = PBXBuildFile; fileRef = BDA55BB629E5C903009D40B9 /* SocialcademyApp.swift */; };
		BDA55BBB29E5C903009D40B9 /* Assets.xcassets in Resources */ = {isa = PBXBuildFile; fileRef = BDA55BBA29E5C903009D40B9 /* Assets.xcassets */; };
		BDA55BBE29E5C903009D40B9 /* Preview Assets.xcassets in Resources */ = {isa = PBXBuildFile; fileRef = BDA55BBD29E5C903009D40B9 /* Preview Assets.xcassets */; };
		BDA55BC829E5CA17009D40B9 /* FirebaseAnalytics in Frameworks */ = {isa = PBXBuildFile; productRef = BDA55BC729E5CA17009D40B9 /* FirebaseAnalytics */; };
		BDA55BCA29E5CA17009D40B9 /* FirebaseFirestore in Frameworks */ = {isa = PBXBuildFile; productRef = BDA55BC929E5CA17009D40B9 /* FirebaseFirestore */; };
		BDA55BCC29E5CA17009D40B9 /* FirebaseFirestoreSwift in Frameworks */ = {isa = PBXBuildFile; productRef = BDA55BCB29E5CA17009D40B9 /* FirebaseFirestoreSwift */; };
		BDA55BD629E5D2B1009D40B9 /* GoogleService-Info.plist in Resources */ = {isa = PBXBuildFile; fileRef = BDA55BD529E5D2B1009D40B9 /* GoogleService-Info.plist */; };
		BDA55BD929E5D4FE009D40B9 /* Post.swift in Sources */ = {isa = PBXBuildFile; fileRef = BDA55BD829E5D4FE009D40B9 /* Post.swift */; };
		BDA55BDD29E5D602009D40B9 /* PostsList.swift in Sources */ = {isa = PBXBuildFile; fileRef = BDA55BDC29E5D602009D40B9 /* PostsList.swift */; };
		BDA55BDF29E5E164009D40B9 /* PostRow.swift in Sources */ = {isa = PBXBuildFile; fileRef = BDA55BDE29E5E164009D40B9 /* PostRow.swift */; };
		BDA55C0329E6E795009D40B9 /* NewPostForm.swift in Sources */ = {isa = PBXBuildFile; fileRef = BDA55C0229E6E795009D40B9 /* NewPostForm.swift */; };
		BDA55C0629E70AEB009D40B9 /* PostsViewModel.swift in Sources */ = {isa = PBXBuildFile; fileRef = BDA55C0529E70AEB009D40B9 /* PostsViewModel.swift */; };
		BDA55C0929E715CE009D40B9 /* PostsRepository.swift in Sources */ = {isa = PBXBuildFile; fileRef = BDA55C0829E715CE009D40B9 /* PostsRepository.swift */; };
		BDA55C0C29E7583D009D40B9 /* Loadable.swift in Sources */ = {isa = PBXBuildFile; fileRef = BDA55C0B29E7583D009D40B9 /* Loadable.swift */; };
		BDA55C0E29E77860009D40B9 /* EmptyListView.swift in Sources */ = {isa = PBXBuildFile; fileRef = BDA55C0D29E77860009D40B9 /* EmptyListView.swift */; };
		BDA55C1029E8D2D6009D40B9 /* AlertError.swift in Sources */ = {isa = PBXBuildFile; fileRef = BDA55C0F29E8D2D6009D40B9 /* AlertError.swift */; };
		BDD1255C29EF1A8700060355 /* PostRowViewModel.swift in Sources */ = {isa = PBXBuildFile; fileRef = BDD1255B29EF1A8700060355 /* PostRowViewModel.swift */; };
/* End PBXBuildFile section */

/* Begin PBXFileReference section */
		BD5EBCA829F0C81800C24E8E /* MainTabView.swift */ = {isa = PBXFileReference; lastKnownFileType = sourcecode.swift; path = MainTabView.swift; sourceTree = "<group>"; };
		BD5EBCAE29F5826D00C24E8E /* AuthService.swift */ = {isa = PBXFileReference; lastKnownFileType = sourcecode.swift; path = AuthService.swift; sourceTree = "<group>"; };
		BD5EBCB029F585F700C24E8E /* AuthViewModel.swift */ = {isa = PBXFileReference; lastKnownFileType = sourcecode.swift; path = AuthViewModel.swift; sourceTree = "<group>"; };
		BD5EBCB629F59D4700C24E8E /* AuthView.swift */ = {isa = PBXFileReference; lastKnownFileType = sourcecode.swift; path = AuthView.swift; sourceTree = "<group>"; };
		BD5EBCB829F59DED00C24E8E /* ProfileView.swift */ = {isa = PBXFileReference; lastKnownFileType = sourcecode.swift; path = ProfileView.swift; sourceTree = "<group>"; };
		BD5EBCBC29F5AB6000C24E8E /* FormViewModel.swift */ = {isa = PBXFileReference; lastKnownFileType = sourcecode.swift; path = FormViewModel.swift; sourceTree = "<group>"; };
		BD5EBCBE29F5FC9300C24E8E /* PrimaryButtonStyle.swift */ = {isa = PBXFileReference; lastKnownFileType = sourcecode.swift; path = PrimaryButtonStyle.swift; sourceTree = "<group>"; };
		BDA55BB329E5C903009D40B9 /* Socialcademy.app */ = {isa = PBXFileReference; explicitFileType = wrapper.application; includeInIndex = 0; path = Socialcademy.app; sourceTree = BUILT_PRODUCTS_DIR; };
		BDA55BB629E5C903009D40B9 /* SocialcademyApp.swift */ = {isa = PBXFileReference; lastKnownFileType = sourcecode.swift; path = SocialcademyApp.swift; sourceTree = "<group>"; };
		BDA55BBA29E5C903009D40B9 /* Assets.xcassets */ = {isa = PBXFileReference; lastKnownFileType = folder.assetcatalog; path = Assets.xcassets; sourceTree = "<group>"; };
		BDA55BBD29E5C903009D40B9 /* Preview Assets.xcassets */ = {isa = PBXFileReference; lastKnownFileType = folder.assetcatalog; path = "Preview Assets.xcassets"; sourceTree = "<group>"; };
		BDA55BD529E5D2B1009D40B9 /* GoogleService-Info.plist */ = {isa = PBXFileReference; fileEncoding = 4; lastKnownFileType = text.plist.xml; path = "GoogleService-Info.plist"; sourceTree = "<group>"; };
		BDA55BD829E5D4FE009D40B9 /* Post.swift */ = {isa = PBXFileReference; lastKnownFileType = sourcecode.swift; path = Post.swift; sourceTree = "<group>"; };
		BDA55BDC29E5D602009D40B9 /* PostsList.swift */ = {isa = PBXFileReference; lastKnownFileType = sourcecode.swift; path = PostsList.swift; sourceTree = "<group>"; };
		BDA55BDE29E5E164009D40B9 /* PostRow.swift */ = {isa = PBXFileReference; lastKnownFileType = sourcecode.swift; path = PostRow.swift; sourceTree = "<group>"; };
		BDA55C0229E6E795009D40B9 /* NewPostForm.swift */ = {isa = PBXFileReference; lastKnownFileType = sourcecode.swift; path = NewPostForm.swift; sourceTree = "<group>"; };
		BDA55C0529E70AEB009D40B9 /* PostsViewModel.swift */ = {isa = PBXFileReference; lastKnownFileType = sourcecode.swift; path = PostsViewModel.swift; sourceTree = "<group>"; };
		BDA55C0829E715CE009D40B9 /* PostsRepository.swift */ = {isa = PBXFileReference; lastKnownFileType = sourcecode.swift; path = PostsRepository.swift; sourceTree = "<group>"; };
		BDA55C0B29E7583D009D40B9 /* Loadable.swift */ = {isa = PBXFileReference; lastKnownFileType = sourcecode.swift; path = Loadable.swift; sourceTree = "<group>"; };
		BDA55C0D29E77860009D40B9 /* EmptyListView.swift */ = {isa = PBXFileReference; lastKnownFileType = sourcecode.swift; path = EmptyListView.swift; sourceTree = "<group>"; };
		BDA55C0F29E8D2D6009D40B9 /* AlertError.swift */ = {isa = PBXFileReference; lastKnownFileType = sourcecode.swift; path = AlertError.swift; sourceTree = "<group>"; };
		BDD1255B29EF1A8700060355 /* PostRowViewModel.swift */ = {isa = PBXFileReference; lastKnownFileType = sourcecode.swift; path = PostRowViewModel.swift; sourceTree = "<group>"; };
/* End PBXFileReference section */

/* Begin PBXFrameworksBuildPhase section */
		BDA55BB029E5C903009D40B9 /* Frameworks */ = {
			isa = PBXFrameworksBuildPhase;
			buildActionMask = 2147483647;
			files = (
				BDA55BC829E5CA17009D40B9 /* FirebaseAnalytics in Frameworks */,
				BDA55BCA29E5CA17009D40B9 /* FirebaseFirestore in Frameworks */,
				BDA55BCC29E5CA17009D40B9 /* FirebaseFirestoreSwift in Frameworks */,
				BD5EBCAC29F4C9EC00C24E8E /* FirebaseAuth in Frameworks */,
			);
			runOnlyForDeploymentPostprocessing = 0;
		};
/* End PBXFrameworksBuildPhase section */

/* Begin PBXGroup section */
		BD5EBCAA29F4C9EC00C24E8E /* Frameworks */ = {
			isa = PBXGroup;
			children = (
			);
			name = Frameworks;
			sourceTree = "<group>";
		};
		BD5EBCAD29F5825500C24E8E /* Services */ = {
			isa = PBXGroup;
			children = (
				BD5EBCAE29F5826D00C24E8E /* AuthService.swift */,
			);
			path = Services;
			sourceTree = "<group>";
		};
		BDA55BAA29E5C903009D40B9 = {
			isa = PBXGroup;
			children = (
				BDA55BB529E5C903009D40B9 /* Socialcademy */,
				BDA55BB429E5C903009D40B9 /* Products */,
				BD5EBCAA29F4C9EC00C24E8E /* Frameworks */,
			);
			sourceTree = "<group>";
		};
		BDA55BB429E5C903009D40B9 /* Products */ = {
			isa = PBXGroup;
			children = (
				BDA55BB329E5C903009D40B9 /* Socialcademy.app */,
			);
			name = Products;
			sourceTree = "<group>";
		};
		BDA55BB529E5C903009D40B9 /* Socialcademy */ = {
			isa = PBXGroup;
			children = (
				BD5EBCAD29F5825500C24E8E /* Services */,
				BDA55C0A29E7582F009D40B9 /* Utilities */,
				BDA55C0729E715B9009D40B9 /* Repositories */,
				BDA55C0429E70AD6009D40B9 /* ViewModels */,
				BDA55BD729E5D4EA009D40B9 /* Models */,
				BDA55BB629E5C903009D40B9 /* SocialcademyApp.swift */,
				BDA55BC429E5C95B009D40B9 /* Views */,
				BDA55BC529E5C963009D40B9 /* Resources */,
			);
			path = Socialcademy;
			sourceTree = "<group>";
		};
		BDA55BBC29E5C903009D40B9 /* Preview Content */ = {
			isa = PBXGroup;
			children = (
				BDA55BBD29E5C903009D40B9 /* Preview Assets.xcassets */,
			);
			path = "Preview Content";
			sourceTree = "<group>";
		};
		BDA55BC429E5C95B009D40B9 /* Views */ = {
			isa = PBXGroup;
			children = (
				BDA55BDC29E5D602009D40B9 /* PostsList.swift */,
				BDA55BDE29E5E164009D40B9 /* PostRow.swift */,
				BDA55C0229E6E795009D40B9 /* NewPostForm.swift */,
				BDA55C0D29E77860009D40B9 /* EmptyListView.swift */,
				BDA55C0F29E8D2D6009D40B9 /* AlertError.swift */,
				BD5EBCA829F0C81800C24E8E /* MainTabView.swift */,
				BD5EBCB629F59D4700C24E8E /* AuthView.swift */,
				BD5EBCB829F59DED00C24E8E /* ProfileView.swift */,
				BD5EBCBE29F5FC9300C24E8E /* PrimaryButtonStyle.swift */,
			);
			path = Views;
			sourceTree = "<group>";
		};
		BDA55BC529E5C963009D40B9 /* Resources */ = {
			isa = PBXGroup;
			children = (
				BDA55BD529E5D2B1009D40B9 /* GoogleService-Info.plist */,
				BDA55BBA29E5C903009D40B9 /* Assets.xcassets */,
				BDA55BBC29E5C903009D40B9 /* Preview Content */,
			);
			path = Resources;
			sourceTree = "<group>";
		};
		BDA55BD729E5D4EA009D40B9 /* Models */ = {
			isa = PBXGroup;
			children = (
				BDA55BD829E5D4FE009D40B9 /* Post.swift */,
			);
			path = Models;
			sourceTree = "<group>";
		};
		BDA55C0429E70AD6009D40B9 /* ViewModels */ = {
			isa = PBXGroup;
			children = (
				BDA55C0529E70AEB009D40B9 /* PostsViewModel.swift */,
				BDD1255B29EF1A8700060355 /* PostRowViewModel.swift */,
				BD5EBCB029F585F700C24E8E /* AuthViewModel.swift */,
				BD5EBCBC29F5AB6000C24E8E /* FormViewModel.swift */,
			);
			path = ViewModels;
			sourceTree = "<group>";
		};
		BDA55C0729E715B9009D40B9 /* Repositories */ = {
			isa = PBXGroup;
			children = (
				BDA55C0829E715CE009D40B9 /* PostsRepository.swift */,
			);
			path = Repositories;
			sourceTree = "<group>";
		};
		BDA55C0A29E7582F009D40B9 /* Utilities */ = {
			isa = PBXGroup;
			children = (
				BDA55C0B29E7583D009D40B9 /* Loadable.swift */,
			);
			path = Utilities;
			sourceTree = "<group>";
		};
/* End PBXGroup section */

/* Begin PBXNativeTarget section */
		BDA55BB229E5C903009D40B9 /* Socialcademy */ = {
			isa = PBXNativeTarget;
			buildConfigurationList = BDA55BC129E5C903009D40B9 /* Build configuration list for PBXNativeTarget "Socialcademy" */;
			buildPhases = (
				BDA55BAF29E5C903009D40B9 /* Sources */,
				BDA55BB029E5C903009D40B9 /* Frameworks */,
				BDA55BB129E5C903009D40B9 /* Resources */,
			);
			buildRules = (
			);
			dependencies = (
			);
			name = Socialcademy;
			packageProductDependencies = (
				BDA55BC729E5CA17009D40B9 /* FirebaseAnalytics */,
				BDA55BC929E5CA17009D40B9 /* FirebaseFirestore */,
				BDA55BCB29E5CA17009D40B9 /* FirebaseFirestoreSwift */,
				BD5EBCAB29F4C9EC00C24E8E /* FirebaseAuth */,
			);
			productName = Socialcademy;
			productReference = BDA55BB329E5C903009D40B9 /* Socialcademy.app */;
			productType = "com.apple.product-type.application";
		};
/* End PBXNativeTarget section */

/* Begin PBXProject section */
		BDA55BAB29E5C903009D40B9 /* Project object */ = {
			isa = PBXProject;
			attributes = {
				BuildIndependentTargetsInParallel = 1;
				LastSwiftUpdateCheck = 1430;
				LastUpgradeCheck = 1430;
				TargetAttributes = {
					BDA55BB229E5C903009D40B9 = {
						CreatedOnToolsVersion = 14.3;
					};
				};
			};
			buildConfigurationList = BDA55BAE29E5C903009D40B9 /* Build configuration list for PBXProject "Socialcademy" */;
			compatibilityVersion = "Xcode 14.0";
			developmentRegion = en;
			hasScannedForEncodings = 0;
			knownRegions = (
				en,
				Base,
			);
			mainGroup = BDA55BAA29E5C903009D40B9;
			packageReferences = (
				BDA55BC629E5CA16009D40B9 /* XCRemoteSwiftPackageReference "firebase-ios-sdk" */,
			);
			productRefGroup = BDA55BB429E5C903009D40B9 /* Products */;
			projectDirPath = "";
			projectRoot = "";
			targets = (
				BDA55BB229E5C903009D40B9 /* Socialcademy */,
			);
		};
/* End PBXProject section */

/* Begin PBXResourcesBuildPhase section */
		BDA55BB129E5C903009D40B9 /* Resources */ = {
			isa = PBXResourcesBuildPhase;
			buildActionMask = 2147483647;
			files = (
				BDA55BBE29E5C903009D40B9 /* Preview Assets.xcassets in Resources */,
				BDA55BBB29E5C903009D40B9 /* Assets.xcassets in Resources */,
				BDA55BD629E5D2B1009D40B9 /* GoogleService-Info.plist in Resources */,
			);
			runOnlyForDeploymentPostprocessing = 0;
		};
/* End PBXResourcesBuildPhase section */

/* Begin PBXSourcesBuildPhase section */
		BDA55BAF29E5C903009D40B9 /* Sources */ = {
			isa = PBXSourcesBuildPhase;
			buildActionMask = 2147483647;
			files = (
				BD5EBCBF29F5FC9300C24E8E /* PrimaryButtonStyle.swift in Sources */,
				BDD1255C29EF1A8700060355 /* PostRowViewModel.swift in Sources */,
				BDA55BD929E5D4FE009D40B9 /* Post.swift in Sources */,
				BDA55C0929E715CE009D40B9 /* PostsRepository.swift in Sources */,
				BDA55C0C29E7583D009D40B9 /* Loadable.swift in Sources */,
				BDA55BDF29E5E164009D40B9 /* PostRow.swift in Sources */,
				BDA55BB729E5C903009D40B9 /* SocialcademyApp.swift in Sources */,
				BD5EBCAF29F5826D00C24E8E /* AuthService.swift in Sources */,
				BDA55C1029E8D2D6009D40B9 /* AlertError.swift in Sources */,
				BD5EBCB929F59DED00C24E8E /* ProfileView.swift in Sources */,
				BDA55C0329E6E795009D40B9 /* NewPostForm.swift in Sources */,
				BDA55BDD29E5D602009D40B9 /* PostsList.swift in Sources */,
				BD5EBCB129F585F700C24E8E /* AuthViewModel.swift in Sources */,
				BD5EBCB729F59D4700C24E8E /* AuthView.swift in Sources */,
				BDA55C0629E70AEB009D40B9 /* PostsViewModel.swift in Sources */,
				BD5EBCBD29F5AB6000C24E8E /* FormViewModel.swift in Sources */,
				BDA55C0E29E77860009D40B9 /* EmptyListView.swift in Sources */,
				BD5EBCA929F0C81800C24E8E /* MainTabView.swift in Sources */,
			);
			runOnlyForDeploymentPostprocessing = 0;
		};
/* End PBXSourcesBuildPhase section */

/* Begin XCBuildConfiguration section */
		BDA55BBF29E5C903009D40B9 /* Debug */ = {
			isa = XCBuildConfiguration;
			buildSettings = {
				ALWAYS_SEARCH_USER_PATHS = NO;
				CLANG_ANALYZER_NONNULL = YES;
				CLANG_ANALYZER_NUMBER_OBJECT_CONVERSION = YES_AGGRESSIVE;
				CLANG_CXX_LANGUAGE_STANDARD = "gnu++20";
				CLANG_ENABLE_MODULES = YES;
				CLANG_ENABLE_OBJC_ARC = YES;
				CLANG_ENABLE_OBJC_WEAK = YES;
				CLANG_WARN_BLOCK_CAPTURE_AUTORELEASING = YES;
				CLANG_WARN_BOOL_CONVERSION = YES;
				CLANG_WARN_COMMA = YES;
				CLANG_WARN_CONSTANT_CONVERSION = YES;
				CLANG_WARN_DEPRECATED_OBJC_IMPLEMENTATIONS = YES;
				CLANG_WARN_DIRECT_OBJC_ISA_USAGE = YES_ERROR;
				CLANG_WARN_DOCUMENTATION_COMMENTS = YES;
				CLANG_WARN_EMPTY_BODY = YES;
				CLANG_WARN_ENUM_CONVERSION = YES;
				CLANG_WARN_INFINITE_RECURSION = YES;
				CLANG_WARN_INT_CONVERSION = YES;
				CLANG_WARN_NON_LITERAL_NULL_CONVERSION = YES;
				CLANG_WARN_OBJC_IMPLICIT_RETAIN_SELF = YES;
				CLANG_WARN_OBJC_LITERAL_CONVERSION = YES;
				CLANG_WARN_OBJC_ROOT_CLASS = YES_ERROR;
				CLANG_WARN_QUOTED_INCLUDE_IN_FRAMEWORK_HEADER = YES;
				CLANG_WARN_RANGE_LOOP_ANALYSIS = YES;
				CLANG_WARN_STRICT_PROTOTYPES = YES;
				CLANG_WARN_SUSPICIOUS_MOVE = YES;
				CLANG_WARN_UNGUARDED_AVAILABILITY = YES_AGGRESSIVE;
				CLANG_WARN_UNREACHABLE_CODE = YES;
				CLANG_WARN__DUPLICATE_METHOD_MATCH = YES;
				COPY_PHASE_STRIP = NO;
				DEBUG_INFORMATION_FORMAT = dwarf;
				ENABLE_STRICT_OBJC_MSGSEND = YES;
				ENABLE_TESTABILITY = YES;
				GCC_C_LANGUAGE_STANDARD = gnu11;
				GCC_DYNAMIC_NO_PIC = NO;
				GCC_NO_COMMON_BLOCKS = YES;
				GCC_OPTIMIZATION_LEVEL = 0;
				GCC_PREPROCESSOR_DEFINITIONS = (
					"DEBUG=1",
					"$(inherited)",
				);
				GCC_WARN_64_TO_32_BIT_CONVERSION = YES;
				GCC_WARN_ABOUT_RETURN_TYPE = YES_ERROR;
				GCC_WARN_UNDECLARED_SELECTOR = YES;
				GCC_WARN_UNINITIALIZED_AUTOS = YES_AGGRESSIVE;
				GCC_WARN_UNUSED_FUNCTION = YES;
				GCC_WARN_UNUSED_VARIABLE = YES;
				IPHONEOS_DEPLOYMENT_TARGET = 15.0;
				MTL_ENABLE_DEBUG_INFO = INCLUDE_SOURCE;
				MTL_FAST_MATH = YES;
				ONLY_ACTIVE_ARCH = YES;
				SDKROOT = iphoneos;
				SWIFT_ACTIVE_COMPILATION_CONDITIONS = DEBUG;
				SWIFT_OPTIMIZATION_LEVEL = "-Onone";
			};
			name = Debug;
		};
		BDA55BC029E5C903009D40B9 /* Release */ = {
			isa = XCBuildConfiguration;
			buildSettings = {
				ALWAYS_SEARCH_USER_PATHS = NO;
				CLANG_ANALYZER_NONNULL = YES;
				CLANG_ANALYZER_NUMBER_OBJECT_CONVERSION = YES_AGGRESSIVE;
				CLANG_CXX_LANGUAGE_STANDARD = "gnu++20";
				CLANG_ENABLE_MODULES = YES;
				CLANG_ENABLE_OBJC_ARC = YES;
				CLANG_ENABLE_OBJC_WEAK = YES;
				CLANG_WARN_BLOCK_CAPTURE_AUTORELEASING = YES;
				CLANG_WARN_BOOL_CONVERSION = YES;
				CLANG_WARN_COMMA = YES;
				CLANG_WARN_CONSTANT_CONVERSION = YES;
				CLANG_WARN_DEPRECATED_OBJC_IMPLEMENTATIONS = YES;
				CLANG_WARN_DIRECT_OBJC_ISA_USAGE = YES_ERROR;
				CLANG_WARN_DOCUMENTATION_COMMENTS = YES;
				CLANG_WARN_EMPTY_BODY = YES;
				CLANG_WARN_ENUM_CONVERSION = YES;
				CLANG_WARN_INFINITE_RECURSION = YES;
				CLANG_WARN_INT_CONVERSION = YES;
				CLANG_WARN_NON_LITERAL_NULL_CONVERSION = YES;
				CLANG_WARN_OBJC_IMPLICIT_RETAIN_SELF = YES;
				CLANG_WARN_OBJC_LITERAL_CONVERSION = YES;
				CLANG_WARN_OBJC_ROOT_CLASS = YES_ERROR;
				CLANG_WARN_QUOTED_INCLUDE_IN_FRAMEWORK_HEADER = YES;
				CLANG_WARN_RANGE_LOOP_ANALYSIS = YES;
				CLANG_WARN_STRICT_PROTOTYPES = YES;
				CLANG_WARN_SUSPICIOUS_MOVE = YES;
				CLANG_WARN_UNGUARDED_AVAILABILITY = YES_AGGRESSIVE;
				CLANG_WARN_UNREACHABLE_CODE = YES;
				CLANG_WARN__DUPLICATE_METHOD_MATCH = YES;
				COPY_PHASE_STRIP = NO;
				DEBUG_INFORMATION_FORMAT = "dwarf-with-dsym";
				ENABLE_NS_ASSERTIONS = NO;
				ENABLE_STRICT_OBJC_MSGSEND = YES;
				GCC_C_LANGUAGE_STANDARD = gnu11;
				GCC_NO_COMMON_BLOCKS = YES;
				GCC_WARN_64_TO_32_BIT_CONVERSION = YES;
				GCC_WARN_ABOUT_RETURN_TYPE = YES_ERROR;
				GCC_WARN_UNDECLARED_SELECTOR = YES;
				GCC_WARN_UNINITIALIZED_AUTOS = YES_AGGRESSIVE;
				GCC_WARN_UNUSED_FUNCTION = YES;
				GCC_WARN_UNUSED_VARIABLE = YES;
				IPHONEOS_DEPLOYMENT_TARGET = 15.0;
				MTL_ENABLE_DEBUG_INFO = NO;
				MTL_FAST_MATH = YES;
				SDKROOT = iphoneos;
				SWIFT_COMPILATION_MODE = wholemodule;
				SWIFT_OPTIMIZATION_LEVEL = "-O";
				VALIDATE_PRODUCT = YES;
			};
			name = Release;
		};
		BDA55BC229E5C903009D40B9 /* Debug */ = {
			isa = XCBuildConfiguration;
			buildSettings = {
				ASSETCATALOG_COMPILER_APPICON_NAME = AppIcon;
				ASSETCATALOG_COMPILER_GLOBAL_ACCENT_COLOR_NAME = AccentColor;
				CODE_SIGN_STYLE = Automatic;
				CURRENT_PROJECT_VERSION = 1;
				DEVELOPMENT_ASSET_PATHS = "\"Socialcademy/Resources/Preview Content\"";
				DEVELOPMENT_TEAM = QQC7URH972;
				ENABLE_PREVIEWS = YES;
				GENERATE_INFOPLIST_FILE = YES;
				INFOPLIST_KEY_UIApplicationSceneManifest_Generation = YES;
				INFOPLIST_KEY_UIApplicationSupportsIndirectInputEvents = YES;
				INFOPLIST_KEY_UILaunchScreen_Generation = YES;
				INFOPLIST_KEY_UISupportedInterfaceOrientations_iPad = "UIInterfaceOrientationPortrait UIInterfaceOrientationPortraitUpsideDown UIInterfaceOrientationLandscapeLeft UIInterfaceOrientationLandscapeRight";
				INFOPLIST_KEY_UISupportedInterfaceOrientations_iPhone = "UIInterfaceOrientationPortrait UIInterfaceOrientationLandscapeLeft UIInterfaceOrientationLandscapeRight";
				IPHONEOS_DEPLOYMENT_TARGET = 15.0;
				LD_RUNPATH_SEARCH_PATHS = (
					"$(inherited)",
					"@executable_path/Frameworks",
				);
				MARKETING_VERSION = 1.0;
				PRODUCT_BUNDLE_IDENTIFIER = com.thatsehannah.Socialcademy;
				PRODUCT_NAME = "$(TARGET_NAME)";
				SWIFT_EMIT_LOC_STRINGS = YES;
				SWIFT_VERSION = 5.0;
				TARGETED_DEVICE_FAMILY = "1,2";
			};
			name = Debug;
		};
		BDA55BC329E5C903009D40B9 /* Release */ = {
			isa = XCBuildConfiguration;
			buildSettings = {
				ASSETCATALOG_COMPILER_APPICON_NAME = AppIcon;
				ASSETCATALOG_COMPILER_GLOBAL_ACCENT_COLOR_NAME = AccentColor;
				CODE_SIGN_STYLE = Automatic;
				CURRENT_PROJECT_VERSION = 1;
				DEVELOPMENT_ASSET_PATHS = "\"Socialcademy/Resources/Preview Content\"";
				DEVELOPMENT_TEAM = QQC7URH972;
				ENABLE_PREVIEWS = YES;
				GENERATE_INFOPLIST_FILE = YES;
				INFOPLIST_KEY_UIApplicationSceneManifest_Generation = YES;
				INFOPLIST_KEY_UIApplicationSupportsIndirectInputEvents = YES;
				INFOPLIST_KEY_UILaunchScreen_Generation = YES;
				INFOPLIST_KEY_UISupportedInterfaceOrientations_iPad = "UIInterfaceOrientationPortrait UIInterfaceOrientationPortraitUpsideDown UIInterfaceOrientationLandscapeLeft UIInterfaceOrientationLandscapeRight";
				INFOPLIST_KEY_UISupportedInterfaceOrientations_iPhone = "UIInterfaceOrientationPortrait UIInterfaceOrientationLandscapeLeft UIInterfaceOrientationLandscapeRight";
				IPHONEOS_DEPLOYMENT_TARGET = 15.0;
				LD_RUNPATH_SEARCH_PATHS = (
					"$(inherited)",
					"@executable_path/Frameworks",
				);
				MARKETING_VERSION = 1.0;
				PRODUCT_BUNDLE_IDENTIFIER = com.thatsehannah.Socialcademy;
				PRODUCT_NAME = "$(TARGET_NAME)";
				SWIFT_EMIT_LOC_STRINGS = YES;
				SWIFT_VERSION = 5.0;
				TARGETED_DEVICE_FAMILY = "1,2";
			};
			name = Release;
		};
/* End XCBuildConfiguration section */

/* Begin XCConfigurationList section */
		BDA55BAE29E5C903009D40B9 /* Build configuration list for PBXProject "Socialcademy" */ = {
			isa = XCConfigurationList;
			buildConfigurations = (
				BDA55BBF29E5C903009D40B9 /* Debug */,
				BDA55BC029E5C903009D40B9 /* Release */,
			);
			defaultConfigurationIsVisible = 0;
			defaultConfigurationName = Release;
		};
		BDA55BC129E5C903009D40B9 /* Build configuration list for PBXNativeTarget "Socialcademy" */ = {
			isa = XCConfigurationList;
			buildConfigurations = (
				BDA55BC229E5C903009D40B9 /* Debug */,
				BDA55BC329E5C903009D40B9 /* Release */,
			);
			defaultConfigurationIsVisible = 0;
			defaultConfigurationName = Release;
		};
/* End XCConfigurationList section */

/* Begin XCRemoteSwiftPackageReference section */
		BDA55BC629E5CA16009D40B9 /* XCRemoteSwiftPackageReference "firebase-ios-sdk" */ = {
			isa = XCRemoteSwiftPackageReference;
			repositoryURL = "https://github.com/firebase/firebase-ios-sdk.git";
			requirement = {
				kind = upToNextMajorVersion;
				minimumVersion = 10.0.0;
			};
		};
/* End XCRemoteSwiftPackageReference section */

/* Begin XCSwiftPackageProductDependency section */
		BD5EBCAB29F4C9EC00C24E8E /* FirebaseAuth */ = {
			isa = XCSwiftPackageProductDependency;
			package = BDA55BC629E5CA16009D40B9 /* XCRemoteSwiftPackageReference "firebase-ios-sdk" */;
			productName = FirebaseAuth;
		};
		BDA55BC729E5CA17009D40B9 /* FirebaseAnalytics */ = {
			isa = XCSwiftPackageProductDependency;
			package = BDA55BC629E5CA16009D40B9 /* XCRemoteSwiftPackageReference "firebase-ios-sdk" */;
			productName = FirebaseAnalytics;
		};
		BDA55BC929E5CA17009D40B9 /* FirebaseFirestore */ = {
			isa = XCSwiftPackageProductDependency;
			package = BDA55BC629E5CA16009D40B9 /* XCRemoteSwiftPackageReference "firebase-ios-sdk" */;
			productName = FirebaseFirestore;
		};
		BDA55BCB29E5CA17009D40B9 /* FirebaseFirestoreSwift */ = {
			isa = XCSwiftPackageProductDependency;
			package = BDA55BC629E5CA16009D40B9 /* XCRemoteSwiftPackageReference "firebase-ios-sdk" */;
			productName = FirebaseFirestoreSwift;
		};
/* End XCSwiftPackageProductDependency section */
	};
	rootObject = BDA55BAB29E5C903009D40B9 /* Project object */;
}
